
Microsoft Visual Studio Solution File, Format Version 12.00
# Visual Studio Version 17
VisualStudioVersion = 17.8.34525.116
MinimumVisualStudioVersion = 10.0.40219.1
Project("{FAE04EC0-301F-11D3-BF4B-00C04F79EFBC}") = "Spa", "Spa\Spa.csproj", "{1FFAAC48-15F9-4843-BA4E-74D3EB314CE2}"
EndProject
Global
	GlobalSection(SolutionConfigurationPlatforms) = preSolution
		Debug|Any CPU = Debug|Any CPU
		Release|Any CPU = Release|Any CPU
	EndGlobalSection
	GlobalSection(ProjectConfigurationPlatforms) = postSolution
		{1FFAAC48-15F9-4843-BA4E-74D3EB314CE2}.Debug|Any CPU.ActiveCfg = Debug|Any CPU
		{1FFAAC48-15F9-4843-BA4E-74D3EB314CE2}.Debug|Any CPU.Build.0 = Debug|Any CPU
		{1FFAAC48-15F9-4843-BA4E-74D3EB314CE2}.Release|Any CPU.ActiveCfg = Release|Any CPU
		{1FFAAC48-15F9-4843-BA4E-74D3EB314CE2}.Release|Any CPU.Build.0 = Release|Any CPU
	EndGlobalSection
	GlobalSection(SolutionProperties) = preSolution
		HideSolutionNode = FALSE
	EndGlobalSection
	GlobalSection(ExtensibilityGlobals) = postSolution
		SolutionGuid = {ED779EFE-ABA1-4FAA-A087-CE96B54361D1}
	EndGlobalSection
EndGlobal
