
Microsoft Visual Studio Solution File, Format Version 12.00
# Visual Studio Version 17
VisualStudioVersion = 17.8.34525.116
MinimumVisualStudioVersion = 10.0.40219.1
Project("{FAE04EC0-301F-11D3-BF4B-00C04F79EFBC}") = "eUseControl.Web", "eUseControl.Web\eUseControl.Web.csproj", "{EC4C4DF1-16DE-4376-9B71-4D6E59F1D85B}"
EndProject
Global
	GlobalSection(SolutionConfigurationPlatforms) = preSolution
		Debug|Any CPU = Debug|Any CPU
		Release|Any CPU = Release|Any CPU
	EndGlobalSection
	GlobalSection(ProjectConfigurationPlatforms) = postSolution
		{EC4C4DF1-16DE-4376-9B71-4D6E59F1D85B}.Debug|Any CPU.ActiveCfg = Debug|Any CPU
		{EC4C4DF1-16DE-4376-9B71-4D6E59F1D85B}.Debug|Any CPU.Build.0 = Debug|Any CPU
		{EC4C4DF1-16DE-4376-9B71-4D6E59F1D85B}.Release|Any CPU.ActiveCfg = Release|Any CPU
		{EC4C4DF1-16DE-4376-9B71-4D6E59F1D85B}.Release|Any CPU.Build.0 = Release|Any CPU
	EndGlobalSection
	GlobalSection(SolutionProperties) = preSolution
		HideSolutionNode = FALSE
	EndGlobalSection
	GlobalSection(ExtensibilityGlobals) = postSolution
		SolutionGuid = {EA4691C0-ECC2-4ECE-B9AC-88CDFEF2E44B}
	EndGlobalSection
EndGlobal
